
Microsoft Visual Studio Solution File, Format Version 12.00
# Visual Studio Version 17
VisualStudioVersion = 17.3.32611.2
MinimumVisualStudioVersion = 10.0.40219.1
Project("{9A19103F-16F7-4668-BE54-9A1E7A4F7556}") = "MikuSharp", "MikuSharp\MikuSharp.csproj", "{28C9C119-060F-4B2D-843E-3AE2B7BE72D2}"
EndProject
Project("{9A19103F-16F7-4668-BE54-9A1E7A4F7556}") = "NicoNicoNii", "NicoNicoNii\NicoNicoNii\NicoNicoNii.csproj", "{38EC14AC-1188-412F-A0C2-FC0BDA2C6BDD}"
EndProject
Project("{2150E333-8FDC-42A3-9474-1A3956D46DE8}") = "Solution Items", "Solution Items", "{7AAAB398-ECB1-4193-AFBD-0D81C81515DE}"
	ProjectSection(SolutionItems) = preProject
		.editorconfig = .editorconfig
	EndProjectSection
EndProject
Project("{2150E333-8FDC-42A3-9474-1A3956D46DE8}") = "DisCatSharp", "DisCatSharp", "{83551D06-DC91-43F1-871F-51378875E711}"
EndProject
Project("{9A19103F-16F7-4668-BE54-9A1E7A4F7556}") = "DisCatSharp", "..\DisCatSharp\DisCatSharp\DisCatSharp.csproj", "{52F22F81-CCEA-43C0-8901-5FE6D1C3AEB7}"
EndProject
Project("{9A19103F-16F7-4668-BE54-9A1E7A4F7556}") = "DisCatSharp.CommandsNext", "..\DisCatSharp\DisCatSharp.CommandsNext\DisCatSharp.CommandsNext.csproj", "{7ADFF65C-F314-4E03-869D-1AB2B8A0B7EE}"
EndProject
Project("{9A19103F-16F7-4668-BE54-9A1E7A4F7556}") = "DisCatSharp.ApplicationCommands", "..\DisCatSharp\DisCatSharp.ApplicationCommands\DisCatSharp.ApplicationCommands.csproj", "{EAAA0638-D8DB-4D14-9D38-2379F67103CA}"
EndProject
Project("{9A19103F-16F7-4668-BE54-9A1E7A4F7556}") = "DisCatSharp.Interactivity", "..\DisCatSharp\DisCatSharp.Interactivity\DisCatSharp.Interactivity.csproj", "{4D6FFF5D-0B8B-423D-9815-3F590FEDBD58}"
EndProject
Project("{9A19103F-16F7-4668-BE54-9A1E7A4F7556}") = "DisCatSharp.Lavalink", "..\DisCatSharp\DisCatSharp.Lavalink\DisCatSharp.Lavalink.csproj", "{2A58EEB2-E399-4CA7-B561-7221F2CB062C}"
EndProject
Project("{9A19103F-16F7-4668-BE54-9A1E7A4F7556}") = "DisCatSharp.TranslationGenerator", "TranslatorGenerator\DisCatSharp.TranslationGenerator.csproj", "{ADB6FD52-FD8B-43D2-93AF-EC4C946802AD}"
EndProject
Global
	GlobalSection(SolutionConfigurationPlatforms) = preSolution
		Debug|Any CPU = Debug|Any CPU
		Release|Any CPU = Release|Any CPU
	EndGlobalSection
	GlobalSection(ProjectConfigurationPlatforms) = postSolution
		{28C9C119-060F-4B2D-843E-3AE2B7BE72D2}.Debug|Any CPU.ActiveCfg = Debug|Any CPU
		{28C9C119-060F-4B2D-843E-3AE2B7BE72D2}.Debug|Any CPU.Build.0 = Debug|Any CPU
		{28C9C119-060F-4B2D-843E-3AE2B7BE72D2}.Release|Any CPU.ActiveCfg = Release|Any CPU
		{28C9C119-060F-4B2D-843E-3AE2B7BE72D2}.Release|Any CPU.Build.0 = Release|Any CPU
		{38EC14AC-1188-412F-A0C2-FC0BDA2C6BDD}.Debug|Any CPU.ActiveCfg = Debug|Any CPU
		{38EC14AC-1188-412F-A0C2-FC0BDA2C6BDD}.Debug|Any CPU.Build.0 = Debug|Any CPU
		{38EC14AC-1188-412F-A0C2-FC0BDA2C6BDD}.Release|Any CPU.ActiveCfg = Release|Any CPU
		{38EC14AC-1188-412F-A0C2-FC0BDA2C6BDD}.Release|Any CPU.Build.0 = Release|Any CPU
		{52F22F81-CCEA-43C0-8901-5FE6D1C3AEB7}.Debug|Any CPU.ActiveCfg = Debug|Any CPU
		{52F22F81-CCEA-43C0-8901-5FE6D1C3AEB7}.Debug|Any CPU.Build.0 = Debug|Any CPU
		{52F22F81-CCEA-43C0-8901-5FE6D1C3AEB7}.Release|Any CPU.ActiveCfg = Release|Any CPU
		{52F22F81-CCEA-43C0-8901-5FE6D1C3AEB7}.Release|Any CPU.Build.0 = Release|Any CPU
		{7ADFF65C-F314-4E03-869D-1AB2B8A0B7EE}.Debug|Any CPU.ActiveCfg = Debug|Any CPU
		{7ADFF65C-F314-4E03-869D-1AB2B8A0B7EE}.Debug|Any CPU.Build.0 = Debug|Any CPU
		{7ADFF65C-F314-4E03-869D-1AB2B8A0B7EE}.Release|Any CPU.ActiveCfg = Release|Any CPU
		{7ADFF65C-F314-4E03-869D-1AB2B8A0B7EE}.Release|Any CPU.Build.0 = Release|Any CPU
		{EAAA0638-D8DB-4D14-9D38-2379F67103CA}.Debug|Any CPU.ActiveCfg = Debug|Any CPU
		{EAAA0638-D8DB-4D14-9D38-2379F67103CA}.Debug|Any CPU.Build.0 = Debug|Any CPU
		{EAAA0638-D8DB-4D14-9D38-2379F67103CA}.Release|Any CPU.ActiveCfg = Release|Any CPU
		{EAAA0638-D8DB-4D14-9D38-2379F67103CA}.Release|Any CPU.Build.0 = Release|Any CPU
		{4D6FFF5D-0B8B-423D-9815-3F590FEDBD58}.Debug|Any CPU.ActiveCfg = Debug|Any CPU
		{4D6FFF5D-0B8B-423D-9815-3F590FEDBD58}.Debug|Any CPU.Build.0 = Debug|Any CPU
		{4D6FFF5D-0B8B-423D-9815-3F590FEDBD58}.Release|Any CPU.ActiveCfg = Release|Any CPU
		{4D6FFF5D-0B8B-423D-9815-3F590FEDBD58}.Release|Any CPU.Build.0 = Release|Any CPU
		{2A58EEB2-E399-4CA7-B561-7221F2CB062C}.Debug|Any CPU.ActiveCfg = Debug|Any CPU
		{2A58EEB2-E399-4CA7-B561-7221F2CB062C}.Debug|Any CPU.Build.0 = Debug|Any CPU
		{2A58EEB2-E399-4CA7-B561-7221F2CB062C}.Release|Any CPU.ActiveCfg = Release|Any CPU
		{2A58EEB2-E399-4CA7-B561-7221F2CB062C}.Release|Any CPU.Build.0 = Release|Any CPU
		{ADB6FD52-FD8B-43D2-93AF-EC4C946802AD}.Debug|Any CPU.ActiveCfg = Debug|Any CPU
		{ADB6FD52-FD8B-43D2-93AF-EC4C946802AD}.Debug|Any CPU.Build.0 = Debug|Any CPU
		{ADB6FD52-FD8B-43D2-93AF-EC4C946802AD}.Release|Any CPU.ActiveCfg = Release|Any CPU
		{ADB6FD52-FD8B-43D2-93AF-EC4C946802AD}.Release|Any CPU.Build.0 = Release|Any CPU
	EndGlobalSection
	GlobalSection(SolutionProperties) = preSolution
		HideSolutionNode = FALSE
	EndGlobalSection
	GlobalSection(NestedProjects) = preSolution
		{52F22F81-CCEA-43C0-8901-5FE6D1C3AEB7} = {83551D06-DC91-43F1-871F-51378875E711}
		{7ADFF65C-F314-4E03-869D-1AB2B8A0B7EE} = {83551D06-DC91-43F1-871F-51378875E711}
		{EAAA0638-D8DB-4D14-9D38-2379F67103CA} = {83551D06-DC91-43F1-871F-51378875E711}
		{4D6FFF5D-0B8B-423D-9815-3F590FEDBD58} = {83551D06-DC91-43F1-871F-51378875E711}
		{2A58EEB2-E399-4CA7-B561-7221F2CB062C} = {83551D06-DC91-43F1-871F-51378875E711}
	EndGlobalSection
	GlobalSection(ExtensibilityGlobals) = postSolution
		SolutionGuid = {C76757C4-CC79-4C18-83BD-40F37AC98C1A}
	EndGlobalSection
EndGlobal
