
Microsoft Visual Studio Solution File, Format Version 12.00
# Visual Studio Version 17
VisualStudioVersion = 17.3.32611.2
MinimumVisualStudioVersion = 10.0.40219.1
Project("{9A19103F-16F7-4668-BE54-9A1E7A4F7556}") = "MikuSharp", "MikuSharp\MikuSharp.csproj", "{28C9C119-060F-4B2D-843E-3AE2B7BE72D2}"
EndProject
Project("{9A19103F-16F7-4668-BE54-9A1E7A4F7556}") = "DisCatSharp.ApplicationCommands", "..\DisCatSharp\DisCatSharp.ApplicationCommands\DisCatSharp.ApplicationCommands.csproj", "{368C2D8E-1D2A-47A7-83CC-5B6A8C80B52C}"
EndProject
Project("{9A19103F-16F7-4668-BE54-9A1E7A4F7556}") = "DisCatSharp", "..\DisCatSharp\DisCatSharp\DisCatSharp.csproj", "{3E2CA778-C5C4-41B8-A7BE-93D4B1BAE784}"
EndProject
Project("{9A19103F-16F7-4668-BE54-9A1E7A4F7556}") = "DisCatSharp.Interactivity", "..\DisCatSharp\DisCatSharp.Interactivity\DisCatSharp.Interactivity.csproj", "{C2BBC9D1-48A5-4E0A-ACA7-CA427967C81B}"
EndProject
Global
	GlobalSection(SolutionConfigurationPlatforms) = preSolution
		Debug|Any CPU = Debug|Any CPU
		Release|Any CPU = Release|Any CPU
	EndGlobalSection
	GlobalSection(ProjectConfigurationPlatforms) = postSolution
		{28C9C119-060F-4B2D-843E-3AE2B7BE72D2}.Debug|Any CPU.ActiveCfg = Debug|Any CPU
		{28C9C119-060F-4B2D-843E-3AE2B7BE72D2}.Debug|Any CPU.Build.0 = Debug|Any CPU
		{28C9C119-060F-4B2D-843E-3AE2B7BE72D2}.Release|Any CPU.ActiveCfg = Release|Any CPU
		{28C9C119-060F-4B2D-843E-3AE2B7BE72D2}.Release|Any CPU.Build.0 = Release|Any CPU
		{368C2D8E-1D2A-47A7-83CC-5B6A8C80B52C}.Debug|Any CPU.ActiveCfg = Debug|Any CPU
		{368C2D8E-1D2A-47A7-83CC-5B6A8C80B52C}.Debug|Any CPU.Build.0 = Debug|Any CPU
		{368C2D8E-1D2A-47A7-83CC-5B6A8C80B52C}.Release|Any CPU.ActiveCfg = Release|Any CPU
		{368C2D8E-1D2A-47A7-83CC-5B6A8C80B52C}.Release|Any CPU.Build.0 = Release|Any CPU
		{3E2CA778-C5C4-41B8-A7BE-93D4B1BAE784}.Debug|Any CPU.ActiveCfg = Debug|Any CPU
		{3E2CA778-C5C4-41B8-A7BE-93D4B1BAE784}.Debug|Any CPU.Build.0 = Debug|Any CPU
		{3E2CA778-C5C4-41B8-A7BE-93D4B1BAE784}.Release|Any CPU.ActiveCfg = Release|Any CPU
		{3E2CA778-C5C4-41B8-A7BE-93D4B1BAE784}.Release|Any CPU.Build.0 = Release|Any CPU
		{C2BBC9D1-48A5-4E0A-ACA7-CA427967C81B}.Debug|Any CPU.ActiveCfg = Debug|Any CPU
		{C2BBC9D1-48A5-4E0A-ACA7-CA427967C81B}.Debug|Any CPU.Build.0 = Debug|Any CPU
		{C2BBC9D1-48A5-4E0A-ACA7-CA427967C81B}.Release|Any CPU.ActiveCfg = Release|Any CPU
		{C2BBC9D1-48A5-4E0A-ACA7-CA427967C81B}.Release|Any CPU.Build.0 = Release|Any CPU
	EndGlobalSection
	GlobalSection(SolutionProperties) = preSolution
		HideSolutionNode = FALSE
	EndGlobalSection
	GlobalSection(ExtensibilityGlobals) = postSolution
		SolutionGuid = {C76757C4-CC79-4C18-83BD-40F37AC98C1A}
	EndGlobalSection
EndGlobal
